PODS:
  - APValidators (0.1.4)
  - Expecta (1.0.5)
  - OCMock (3.3.1)

DEPENDENCIES:
  - APValidators (from `../`)
  - Expecta
  - OCMock

EXTERNAL SOURCES:
  APValidators:
    :path: "../"

SPEC CHECKSUMS:
  APValidators: 7b56d53fd2de6f4c7623817696a64cf60119d1ed
  Expecta: e1c022fcd33910b6be89c291d2775b3fe27a89fe
  OCMock: f3f61e6eaa16038c30caa5798c5e49d3307b6f22

PODFILE CHECKSUM: bc5eecff92b91a517e245ad75287a40a8ff03d47

COCOAPODS: 1.1.1
