// !$*UTF8*$!
{
	archiveVersion = 1;
	classes = {
	};
	objectVersion = 46;
	objects = {

/* Begin PBXBuildFile section */
		561445AF34D736C6ED1C535B /* Pods_APValidators_Example.framework in Frameworks */ = {isa = PBXBuildFile; fileRef = 9EA1BEECC2B634B32F7B9AB7 /* Pods_APValidators_Example.framework */; };
		5F00D8FC1DD43D2500096651 /* APBlockValidatorTests.m in Sources */ = {isa = PBXBuildFile; fileRef = 5F30B9B21DC997A7009D0E8F /* APBlockValidatorTests.m */; };
		5F00D8FD1DD43D2500096651 /* APCharactersCountValidatorTests.m in Sources */ = {isa = PBXBuildFile; fileRef = 5F30B9B31DC997A7009D0E8F /* APCharactersCountValidatorTests.m */; };
		5F00D8FE1DD43D2500096651 /* APCompoundValidatorTests.m in Sources */ = {isa = PBXBuildFile; fileRef = 5F30B9B41DC997A7009D0E8F /* APCompoundValidatorTests.m */; };
		5F00D8FF1DD43D2500096651 /* APCountryRegexProviderTests.m in Sources */ = {isa = PBXBuildFile; fileRef = 5F30B9B51DC997A7009D0E8F /* APCountryRegexProviderTests.m */; };
		5F00D9001DD43D2500096651 /* APCreditCardValidatorTests.m in Sources */ = {isa = PBXBuildFile; fileRef = 5F30B9B61DC997A7009D0E8F /* APCreditCardValidatorTests.m */; };
		5F00D9011DD43D2500096651 /* APEmailValidatorTests.m in Sources */ = {isa = PBXBuildFile; fileRef = 5F30B9B71DC997A7009D0E8F /* APEmailValidatorTests.m */; };
		5F00D9021DD43D2500096651 /* APEqualValidatorTests.m in Sources */ = {isa = PBXBuildFile; fileRef = 5F30B9B81DC997A7009D0E8F /* APEqualValidatorTests.m */; };
		5F00D9031DD43D2500096651 /* APRegexValidatorTests.m in Sources */ = {isa = PBXBuildFile; fileRef = 5F30B9B91DC997A7009D0E8F /* APRegexValidatorTests.m */; };
		5F00D9041DD43D2500096651 /* APRequiredValidatorTests.m in Sources */ = {isa = PBXBuildFile; fileRef = 5F30B9BA1DC997A7009D0E8F /* APRequiredValidatorTests.m */; };
		5F00D9051DD43D2D00096651 /* APStringValidatorTestCase.m in Sources */ = {isa = PBXBuildFile; fileRef = 5F30B9BC1DC997A7009D0E8F /* APStringValidatorTestCase.m */; };
		5F00D9061DD43D2D00096651 /* APValidatorsUITextFieldTests.m in Sources */ = {isa = PBXBuildFile; fileRef = 5F30B9BD1DC997A7009D0E8F /* APValidatorsUITextFieldTests.m */; };
		5F00D9071DD43D2D00096651 /* APValidatorsUITextViewTests.m in Sources */ = {isa = PBXBuildFile; fileRef = 5F30B9BE1DC997A7009D0E8F /* APValidatorsUITextViewTests.m */; };
		5F00D9081DD43D2D00096651 /* APValidatorTests.m in Sources */ = {isa = PBXBuildFile; fileRef = 5F30B9BF1DC997A7009D0E8F /* APValidatorTests.m */; };
		5F00D9091DD43D2D00096651 /* APZipValidatorTests.m in Sources */ = {isa = PBXBuildFile; fileRef = 5F30B9C01DC997A7009D0E8F /* APZipValidatorTests.m */; };
		5F30B9D11DC997A7009D0E8F /* Tests-Info.plist in Resources */ = {isa = PBXBuildFile; fileRef = 5F30B9C11DC997A7009D0E8F /* Tests-Info.plist */; };
		5F30B9D41DC997AD009D0E8F /* InfoPlist.strings in Resources */ = {isa = PBXBuildFile; fileRef = 5F30B9D21DC997AD009D0E8F /* InfoPlist.strings */; };
		5F30B9F01DC997E3009D0E8F /* APAppDelegate.m in Sources */ = {isa = PBXBuildFile; fileRef = 5F30B9D71DC997E3009D0E8F /* APAppDelegate.m */; };
		5F30B9F11DC997E3009D0E8F /* APValidators-Info.plist in Resources */ = {isa = PBXBuildFile; fileRef = 5F30B9D81DC997E3009D0E8F /* APValidators-Info.plist */; };
		5F30B9F21DC997E3009D0E8F /* APViewController+Alerts.m in Sources */ = {isa = PBXBuildFile; fileRef = 5F30B9DD1DC997E3009D0E8F /* APViewController+Alerts.m */; };
		5F30B9F31DC997E3009D0E8F /* APKeyboardController.m in Sources */ = {isa = PBXBuildFile; fileRef = 5F30B9E11DC997E3009D0E8F /* APKeyboardController.m */; };
		5F30B9F41DC997E3009D0E8F /* Images.xcassets in Resources */ = {isa = PBXBuildFile; fileRef = 5F30B9E21DC997E3009D0E8F /* Images.xcassets */; };
		5F30B9F51DC997E3009D0E8F /* Launch Screen.storyboard in Resources */ = {isa = PBXBuildFile; fileRef = 5F30B9E31DC997E3009D0E8F /* Launch Screen.storyboard */; };
		5F30B9F61DC997E3009D0E8F /* main.m in Sources */ = {isa = PBXBuildFile; fileRef = 5F30B9E41DC997E3009D0E8F /* main.m */; };
		5F30B9F71DC997E3009D0E8F /* Main.storyboard in Resources */ = {isa = PBXBuildFile; fileRef = 5F30B9E51DC997E3009D0E8F /* Main.storyboard */; };
		5F30B9F81DC997E3009D0E8F /* APCardExpiresTextField.m in Sources */ = {isa = PBXBuildFile; fileRef = 5F30B9E81DC997E3009D0E8F /* APCardExpiresTextField.m */; };
		5F30B9F91DC997E3009D0E8F /* APCVVTextField.m in Sources */ = {isa = PBXBuildFile; fileRef = 5F30B9EA1DC997E3009D0E8F /* APCVVTextField.m */; };
		5F30B9FA1DC997E3009D0E8F /* APIndicatorView.m in Sources */ = {isa = PBXBuildFile; fileRef = 5F30B9EC1DC997E3009D0E8F /* APIndicatorView.m */; };
		5F30B9FB1DC997E3009D0E8F /* APViewController.m in Sources */ = {isa = PBXBuildFile; fileRef = 5F30B9EF1DC997E3009D0E8F /* APViewController.m */; };
		5F30B9FE1DC997F5009D0E8F /* InfoPlist.strings in Resources */ = {isa = PBXBuildFile; fileRef = 5F30B9FC1DC997F5009D0E8F /* InfoPlist.strings */; };
		6003F58E195388D20070C39A /* Foundation.framework in Frameworks */ = {isa = PBXBuildFile; fileRef = 6003F58D195388D20070C39A /* Foundation.framework */; };
		6003F590195388D20070C39A /* CoreGraphics.framework in Frameworks */ = {isa = PBXBuildFile; fileRef = 6003F58F195388D20070C39A /* CoreGraphics.framework */; };
		6003F592195388D20070C39A /* UIKit.framework in Frameworks */ = {isa = PBXBuildFile; fileRef = 6003F591195388D20070C39A /* UIKit.framework */; };
		6003F5B0195388D20070C39A /* XCTest.framework in Frameworks */ = {isa = PBXBuildFile; fileRef = 6003F5AF195388D20070C39A /* XCTest.framework */; };
		6003F5B1195388D20070C39A /* Foundation.framework in Frameworks */ = {isa = PBXBuildFile; fileRef = 6003F58D195388D20070C39A /* Foundation.framework */; };
		6003F5B2195388D20070C39A /* UIKit.framework in Frameworks */ = {isa = PBXBuildFile; fileRef = 6003F591195388D20070C39A /* UIKit.framework */; };
		6069CD15CFBB483DDF446A44 /* Pods_APValidators_Tests.framework in Frameworks */ = {isa = PBXBuildFile; fileRef = 4E6350012D8A80864DDECD3E /* Pods_APValidators_Tests.framework */; };
/* End PBXBuildFile section */

/* Begin PBXContainerItemProxy section */
		6003F5B3195388D20070C39A /* PBXContainerItemProxy */ = {
			isa = PBXContainerItemProxy;
			containerPortal = 6003F582195388D10070C39A /* Project object */;
			proxyType = 1;
			remoteGlobalIDString = 6003F589195388D20070C39A;
			remoteInfo = APValidators;
		};
/* End PBXContainerItemProxy section */

/* Begin PBXFileReference section */
		18B3412F60E74E5AC5C534B6 /* Pods-APValidators_Example.release.xcconfig */ = {isa = PBXFileReference; includeInIndex = 1; lastKnownFileType = text.xcconfig; name = "Pods-APValidators_Example.release.xcconfig"; path = "Pods/Target Support Files/Pods-APValidators_Example/Pods-APValidators_Example.release.xcconfig"; sourceTree = "<group>"; };
		47046F02B3134C4D26790317 /* Pods-APValidators_Example.debug.xcconfig */ = {isa = PBXFileReference; includeInIndex = 1; lastKnownFileType = text.xcconfig; name = "Pods-APValidators_Example.debug.xcconfig"; path = "Pods/Target Support Files/Pods-APValidators_Example/Pods-APValidators_Example.debug.xcconfig"; sourceTree = "<group>"; };
		4E6350012D8A80864DDECD3E /* Pods_APValidators_Tests.framework */ = {isa = PBXFileReference; explicitFileType = wrapper.framework; includeInIndex = 0; path = Pods_APValidators_Tests.framework; sourceTree = BUILT_PRODUCTS_DIR; };
		5C05B241AD5FFA1D4E1C669A /* README.md */ = {isa = PBXFileReference; includeInIndex = 1; lastKnownFileType = net.daringfireball.markdown; name = README.md; path = ../README.md; sourceTree = "<group>"; };
		5F30B9B21DC997A7009D0E8F /* APBlockValidatorTests.m */ = {isa = PBXFileReference; fileEncoding = 4; lastKnownFileType = sourcecode.c.objc; path = APBlockValidatorTests.m; sourceTree = "<group>"; };
		5F30B9B31DC997A7009D0E8F /* APCharactersCountValidatorTests.m */ = {isa = PBXFileReference; fileEncoding = 4; lastKnownFileType = sourcecode.c.objc; path = APCharactersCountValidatorTests.m; sourceTree = "<group>"; };
		5F30B9B41DC997A7009D0E8F /* APCompoundValidatorTests.m */ = {isa = PBXFileReference; fileEncoding = 4; lastKnownFileType = sourcecode.c.objc; path = APCompoundValidatorTests.m; sourceTree = "<group>"; };
		5F30B9B51DC997A7009D0E8F /* APCountryRegexProviderTests.m */ = {isa = PBXFileReference; fileEncoding = 4; lastKnownFileType = sourcecode.c.objc; path = APCountryRegexProviderTests.m; sourceTree = "<group>"; };
		5F30B9B61DC997A7009D0E8F /* APCreditCardValidatorTests.m */ = {isa = PBXFileReference; fileEncoding = 4; lastKnownFileType = sourcecode.c.objc; path = APCreditCardValidatorTests.m; sourceTree = "<group>"; };
		5F30B9B71DC997A7009D0E8F /* APEmailValidatorTests.m */ = {isa = PBXFileReference; fileEncoding = 4; lastKnownFileType = sourcecode.c.objc; path = APEmailValidatorTests.m; sourceTree = "<group>"; };
		5F30B9B81DC997A7009D0E8F /* APEqualValidatorTests.m */ = {isa = PBXFileReference; fileEncoding = 4; lastKnownFileType = sourcecode.c.objc; path = APEqualValidatorTests.m; sourceTree = "<group>"; };
		5F30B9B91DC997A7009D0E8F /* APRegexValidatorTests.m */ = {isa = PBXFileReference; fileEncoding = 4; lastKnownFileType = sourcecode.c.objc; path = APRegexValidatorTests.m; sourceTree = "<group>"; };
		5F30B9BA1DC997A7009D0E8F /* APRequiredValidatorTests.m */ = {isa = PBXFileReference; fileEncoding = 4; lastKnownFileType = sourcecode.c.objc; path = APRequiredValidatorTests.m; sourceTree = "<group>"; };
		5F30B9BB1DC997A7009D0E8F /* APStringValidatorTestCase.h */ = {isa = PBXFileReference; fileEncoding = 4; lastKnownFileType = sourcecode.c.h; path = APStringValidatorTestCase.h; sourceTree = "<group>"; };
		5F30B9BC1DC997A7009D0E8F /* APStringValidatorTestCase.m */ = {isa = PBXFileReference; fileEncoding = 4; lastKnownFileType = sourcecode.c.objc; path = APStringValidatorTestCase.m; sourceTree = "<group>"; };
		5F30B9BD1DC997A7009D0E8F /* APValidatorsUITextFieldTests.m */ = {isa = PBXFileReference; fileEncoding = 4; lastKnownFileType = sourcecode.c.objc; path = APValidatorsUITextFieldTests.m; sourceTree = "<group>"; };
		5F30B9BE1DC997A7009D0E8F /* APValidatorsUITextViewTests.m */ = {isa = PBXFileReference; fileEncoding = 4; lastKnownFileType = sourcecode.c.objc; path = APValidatorsUITextViewTests.m; sourceTree = "<group>"; };
		5F30B9BF1DC997A7009D0E8F /* APValidatorTests.m */ = {isa = PBXFileReference; fileEncoding = 4; lastKnownFileType = sourcecode.c.objc; path = APValidatorTests.m; sourceTree = "<group>"; };
		5F30B9C01DC997A7009D0E8F /* APZipValidatorTests.m */ = {isa = PBXFileReference; fileEncoding = 4; lastKnownFileType = sourcecode.c.objc; path = APZipValidatorTests.m; sourceTree = "<group>"; };
		5F30B9C11DC997A7009D0E8F /* Tests-Info.plist */ = {isa = PBXFileReference; fileEncoding = 4; lastKnownFileType = text.plist.xml; path = "Tests-Info.plist"; sourceTree = "<group>"; };
		5F30B9C21DC997A7009D0E8F /* Tests-Prefix.pch */ = {isa = PBXFileReference; fileEncoding = 4; lastKnownFileType = sourcecode.c.h; path = "Tests-Prefix.pch"; sourceTree = "<group>"; };
		5F30B9D31DC997AD009D0E8F /* en */ = {isa = PBXFileReference; lastKnownFileType = text.plist.strings; name = en; path = en.lproj/InfoPlist.strings; sourceTree = "<group>"; };
		5F30B9D61DC997E3009D0E8F /* APAppDelegate.h */ = {isa = PBXFileReference; fileEncoding = 4; lastKnownFileType = sourcecode.c.h; path = APAppDelegate.h; sourceTree = "<group>"; };
		5F30B9D71DC997E3009D0E8F /* APAppDelegate.m */ = {isa = PBXFileReference; fileEncoding = 4; lastKnownFileType = sourcecode.c.objc; path = APAppDelegate.m; sourceTree = "<group>"; };
		5F30B9D81DC997E3009D0E8F /* APValidators-Info.plist */ = {isa = PBXFileReference; fileEncoding = 4; lastKnownFileType = text.plist.xml; path = "APValidators-Info.plist"; sourceTree = "<group>"; };
		5F30B9D91DC997E3009D0E8F /* APValidators-Prefix.pch */ = {isa = PBXFileReference; fileEncoding = 4; lastKnownFileType = sourcecode.c.h; path = "APValidators-Prefix.pch"; sourceTree = "<group>"; };
		5F30B9DC1DC997E3009D0E8F /* APViewController+Alerts.h */ = {isa = PBXFileReference; fileEncoding = 4; lastKnownFileType = sourcecode.c.h; path = "APViewController+Alerts.h"; sourceTree = "<group>"; };
		5F30B9DD1DC997E3009D0E8F /* APViewController+Alerts.m */ = {isa = PBXFileReference; fileEncoding = 4; lastKnownFileType = sourcecode.c.objc; path = "APViewController+Alerts.m"; sourceTree = "<group>"; };
		5F30B9E01DC997E3009D0E8F /* APKeyboardController.h */ = {isa = PBXFileReference; fileEncoding = 4; lastKnownFileType = sourcecode.c.h; path = APKeyboardController.h; sourceTree = "<group>"; };
		5F30B9E11DC997E3009D0E8F /* APKeyboardController.m */ = {isa = PBXFileReference; fileEncoding = 4; lastKnownFileType = sourcecode.c.objc; path = APKeyboardController.m; sourceTree = "<group>"; };
		5F30B9E21DC997E3009D0E8F /* Images.xcassets */ = {isa = PBXFileReference; lastKnownFileType = folder.assetcatalog; path = Images.xcassets; sourceTree = "<group>"; };
		5F30B9E31DC997E3009D0E8F /* Launch Screen.storyboard */ = {isa = PBXFileReference; fileEncoding = 4; lastKnownFileType = file.storyboard; path = "Launch Screen.storyboard"; sourceTree = "<group>"; };
		5F30B9E41DC997E3009D0E8F /* main.m */ = {isa = PBXFileReference; fileEncoding = 4; lastKnownFileType = sourcecode.c.objc; path = main.m; sourceTree = "<group>"; };
		5F30B9E51DC997E3009D0E8F /* Main.storyboard */ = {isa = PBXFileReference; fileEncoding = 4; lastKnownFileType = file.storyboard; path = Main.storyboard; sourceTree = "<group>"; };
		5F30B9E71DC997E3009D0E8F /* APCardExpiresTextField.h */ = {isa = PBXFileReference; fileEncoding = 4; lastKnownFileType = sourcecode.c.h; path = APCardExpiresTextField.h; sourceTree = "<group>"; };
		5F30B9E81DC997E3009D0E8F /* APCardExpiresTextField.m */ = {isa = PBXFileReference; fileEncoding = 4; lastKnownFileType = sourcecode.c.objc; path = APCardExpiresTextField.m; sourceTree = "<group>"; };
		5F30B9E91DC997E3009D0E8F /* APCVVTextField.h */ = {isa = PBXFileReference; fileEncoding = 4; lastKnownFileType = sourcecode.c.h; path = APCVVTextField.h; sourceTree = "<group>"; };
		5F30B9EA1DC997E3009D0E8F /* APCVVTextField.m */ = {isa = PBXFileReference; fileEncoding = 4; lastKnownFileType = sourcecode.c.objc; path = APCVVTextField.m; sourceTree = "<group>"; };
		5F30B9EB1DC997E3009D0E8F /* APIndicatorView.h */ = {isa = PBXFileReference; fileEncoding = 4; lastKnownFileType = sourcecode.c.h; path = APIndicatorView.h; sourceTree = "<group>"; };
		5F30B9EC1DC997E3009D0E8F /* APIndicatorView.m */ = {isa = PBXFileReference; fileEncoding = 4; lastKnownFileType = sourcecode.c.objc; path = APIndicatorView.m; sourceTree = "<group>"; };
		5F30B9EE1DC997E3009D0E8F /* APViewController.h */ = {isa = PBXFileReference; fileEncoding = 4; lastKnownFileType = sourcecode.c.h; path = APViewController.h; sourceTree = "<group>"; };
		5F30B9EF1DC997E3009D0E8F /* APViewController.m */ = {isa = PBXFileReference; fileEncoding = 4; lastKnownFileType = sourcecode.c.objc; path = APViewController.m; sourceTree = "<group>"; };
		5F30B9FD1DC997F5009D0E8F /* en */ = {isa = PBXFileReference; lastKnownFileType = text.plist.strings; name = en; path = en.lproj/InfoPlist.strings; sourceTree = "<group>"; };
		6003F58A195388D20070C39A /* APValidators_Example.app */ = {isa = PBXFileReference; explicitFileType = wrapper.application; includeInIndex = 0; path = APValidators_Example.app; sourceTree = BUILT_PRODUCTS_DIR; };
		6003F58D195388D20070C39A /* Foundation.framework */ = {isa = PBXFileReference; lastKnownFileType = wrapper.framework; name = Foundation.framework; path = System/Library/Frameworks/Foundation.framework; sourceTree = SDKROOT; };
		6003F58F195388D20070C39A /* CoreGraphics.framework */ = {isa = PBXFileReference; lastKnownFileType = wrapper.framework; name = CoreGraphics.framework; path = System/Library/Frameworks/CoreGraphics.framework; sourceTree = SDKROOT; };
		6003F591195388D20070C39A /* UIKit.framework */ = {isa = PBXFileReference; lastKnownFileType = wrapper.framework; name = UIKit.framework; path = System/Library/Frameworks/UIKit.framework; sourceTree = SDKROOT; };
		6003F5AE195388D20070C39A /* APValidators_Tests.xctest */ = {isa = PBXFileReference; explicitFileType = wrapper.cfbundle; includeInIndex = 0; path = APValidators_Tests.xctest; sourceTree = BUILT_PRODUCTS_DIR; };
		6003F5AF195388D20070C39A /* XCTest.framework */ = {isa = PBXFileReference; lastKnownFileType = wrapper.framework; name = XCTest.framework; path = Library/Frameworks/XCTest.framework; sourceTree = DEVELOPER_DIR; };
		9EA1BEECC2B634B32F7B9AB7 /* Pods_APValidators_Example.framework */ = {isa = PBXFileReference; explicitFileType = wrapper.framework; includeInIndex = 0; path = Pods_APValidators_Example.framework; sourceTree = BUILT_PRODUCTS_DIR; };
		CD3C43CD3E5123B271145A2B /* Pods-APValidators_Tests.debug.xcconfig */ = {isa = PBXFileReference; includeInIndex = 1; lastKnownFileType = text.xcconfig; name = "Pods-APValidators_Tests.debug.xcconfig"; path = "Pods/Target Support Files/Pods-APValidators_Tests/Pods-APValidators_Tests.debug.xcconfig"; sourceTree = "<group>"; };
		D5FDD5030A003434B0C43AF8 /* Pods-APValidators_Tests.release.xcconfig */ = {isa = PBXFileReference; includeInIndex = 1; lastKnownFileType = text.xcconfig; name = "Pods-APValidators_Tests.release.xcconfig"; path = "Pods/Target Support Files/Pods-APValidators_Tests/Pods-APValidators_Tests.release.xcconfig"; sourceTree = "<group>"; };
		E2D95DAB5301B4CE33ADD150 /* APValidators.podspec */ = {isa = PBXFileReference; includeInIndex = 1; lastKnownFileType = text; name = APValidators.podspec; path = ../APValidators.podspec; sourceTree = "<group>"; };
		F3B787FDAE8E15D33C504DFE /* LICENSE */ = {isa = PBXFileReference; includeInIndex = 1; lastKnownFileType = text; name = LICENSE; path = ../LICENSE; sourceTree = "<group>"; };
/* End PBXFileReference section */

/* Begin PBXFrameworksBuildPhase section */
		6003F587195388D20070C39A /* Frameworks */ = {
			isa = PBXFrameworksBuildPhase;
			buildActionMask = 2147483647;
			files = (
				6003F590195388D20070C39A /* CoreGraphics.framework in Frameworks */,
				6003F592195388D20070C39A /* UIKit.framework in Frameworks */,
				6003F58E195388D20070C39A /* Foundation.framework in Frameworks */,
				561445AF34D736C6ED1C535B /* Pods_APValidators_Example.framework in Frameworks */,
			);
			runOnlyForDeploymentPostprocessing = 0;
		};
		6003F5AB195388D20070C39A /* Frameworks */ = {
			isa = PBXFrameworksBuildPhase;
			buildActionMask = 2147483647;
			files = (
				6003F5B0195388D20070C39A /* XCTest.framework in Frameworks */,
				6003F5B2195388D20070C39A /* UIKit.framework in Frameworks */,
				6003F5B1195388D20070C39A /* Foundation.framework in Frameworks */,
				6069CD15CFBB483DDF446A44 /* Pods_APValidators_Tests.framework in Frameworks */,
			);
			runOnlyForDeploymentPostprocessing = 0;
		};
/* End PBXFrameworksBuildPhase section */

/* Begin PBXGroup section */
		5F30B9D51DC997B1009D0E8F /* Supporting Files */ = {
			isa = PBXGroup;
			children = (
				5F30B9C11DC997A7009D0E8F /* Tests-Info.plist */,
				5F30B9D21DC997AD009D0E8F /* InfoPlist.strings */,
				5F30B9C21DC997A7009D0E8F /* Tests-Prefix.pch */,
			);
			name = "Supporting Files";
			sourceTree = "<group>";
		};
		5F30B9DA1DC997E3009D0E8F /* Categories */ = {
			isa = PBXGroup;
			children = (
				5F30B9DB1DC997E3009D0E8F /* APViewController */,
			);
			path = Categories;
			sourceTree = "<group>";
		};
		5F30B9DB1DC997E3009D0E8F /* APViewController */ = {
			isa = PBXGroup;
			children = (
				5F30B9DC1DC997E3009D0E8F /* APViewController+Alerts.h */,
				5F30B9DD1DC997E3009D0E8F /* APViewController+Alerts.m */,
			);
			path = APViewController;
			sourceTree = "<group>";
		};
		5F30B9DE1DC997E3009D0E8F /* Helpers */ = {
			isa = PBXGroup;
			children = (
				5F30B9DF1DC997E3009D0E8F /* KeyboardController */,
			);
			path = Helpers;
			sourceTree = "<group>";
		};
		5F30B9DF1DC997E3009D0E8F /* KeyboardController */ = {
			isa = PBXGroup;
			children = (
				5F30B9E01DC997E3009D0E8F /* APKeyboardController.h */,
				5F30B9E11DC997E3009D0E8F /* APKeyboardController.m */,
			);
			path = KeyboardController;
			sourceTree = "<group>";
		};
		5F30B9E61DC997E3009D0E8F /* View */ = {
			isa = PBXGroup;
			children = (
				5F30B9E71DC997E3009D0E8F /* APCardExpiresTextField.h */,
				5F30B9E81DC997E3009D0E8F /* APCardExpiresTextField.m */,
				5F30B9E91DC997E3009D0E8F /* APCVVTextField.h */,
				5F30B9EA1DC997E3009D0E8F /* APCVVTextField.m */,
				5F30B9EB1DC997E3009D0E8F /* APIndicatorView.h */,
				5F30B9EC1DC997E3009D0E8F /* APIndicatorView.m */,
			);
			path = View;
			sourceTree = "<group>";
		};
		5F30B9ED1DC997E3009D0E8F /* ViewControllers */ = {
			isa = PBXGroup;
			children = (
				5F30B9EE1DC997E3009D0E8F /* APViewController.h */,
				5F30B9EF1DC997E3009D0E8F /* APViewController.m */,
			);
			path = ViewControllers;
			sourceTree = "<group>";
		};
		5F30B9FF1DC997FF009D0E8F /* Supporting Files */ = {
			isa = PBXGroup;
			children = (
				5F30B9D81DC997E3009D0E8F /* APValidators-Info.plist */,
				5F30B9FC1DC997F5009D0E8F /* InfoPlist.strings */,
				5F30B9E41DC997E3009D0E8F /* main.m */,
				5F30B9D91DC997E3009D0E8F /* APValidators-Prefix.pch */,
			);
			name = "Supporting Files";
			sourceTree = "<group>";
		};
		6003F581195388D10070C39A = {
			isa = PBXGroup;
			children = (
				60FF7A9C1954A5C5007DD14C /* Podspec Metadata */,
				6003F593195388D20070C39A /* Example for APValidators */,
				6003F5B5195388D20070C39A /* Tests */,
				6003F58C195388D20070C39A /* Frameworks */,
				6003F58B195388D20070C39A /* Products */,
				C41AFFECA94326C238D588A9 /* Pods */,
			);
			sourceTree = "<group>";
		};
		6003F58B195388D20070C39A /* Products */ = {
			isa = PBXGroup;
			children = (
				6003F58A195388D20070C39A /* APValidators_Example.app */,
				6003F5AE195388D20070C39A /* APValidators_Tests.xctest */,
			);
			name = Products;
			sourceTree = "<group>";
		};
		6003F58C195388D20070C39A /* Frameworks */ = {
			isa = PBXGroup;
			children = (
				6003F58D195388D20070C39A /* Foundation.framework */,
				6003F58F195388D20070C39A /* CoreGraphics.framework */,
				6003F591195388D20070C39A /* UIKit.framework */,
				6003F5AF195388D20070C39A /* XCTest.framework */,
				9EA1BEECC2B634B32F7B9AB7 /* Pods_APValidators_Example.framework */,
				4E6350012D8A80864DDECD3E /* Pods_APValidators_Tests.framework */,
			);
			name = Frameworks;
			sourceTree = "<group>";
		};
		6003F593195388D20070C39A /* Example for APValidators */ = {
			isa = PBXGroup;
			children = (
				5F30B9D61DC997E3009D0E8F /* APAppDelegate.h */,
				5F30B9D71DC997E3009D0E8F /* APAppDelegate.m */,
				5F30B9E51DC997E3009D0E8F /* Main.storyboard */,
				5F30B9E31DC997E3009D0E8F /* Launch Screen.storyboard */,
				5F30B9E21DC997E3009D0E8F /* Images.xcassets */,
				5F30B9FF1DC997FF009D0E8F /* Supporting Files */,
				5F30B9ED1DC997E3009D0E8F /* ViewControllers */,
				5F30B9DE1DC997E3009D0E8F /* Helpers */,
				5F30B9E61DC997E3009D0E8F /* View */,
				5F30B9DA1DC997E3009D0E8F /* Categories */,
			);
			name = "Example for APValidators";
			path = APValidators;
			sourceTree = "<group>";
		};
		6003F5B5195388D20070C39A /* Tests */ = {
			isa = PBXGroup;
			children = (
				5F30B9D51DC997B1009D0E8F /* Supporting Files */,
				5F30B9B21DC997A7009D0E8F /* APBlockValidatorTests.m */,
				5F30B9B31DC997A7009D0E8F /* APCharactersCountValidatorTests.m */,
				5F30B9B41DC997A7009D0E8F /* APCompoundValidatorTests.m */,
				5F30B9B51DC997A7009D0E8F /* APCountryRegexProviderTests.m */,
				5F30B9B61DC997A7009D0E8F /* APCreditCardValidatorTests.m */,
				5F30B9B71DC997A7009D0E8F /* APEmailValidatorTests.m */,
				5F30B9B81DC997A7009D0E8F /* APEqualValidatorTests.m */,
				5F30B9B91DC997A7009D0E8F /* APRegexValidatorTests.m */,
				5F30B9BA1DC997A7009D0E8F /* APRequiredValidatorTests.m */,
				5F30B9BB1DC997A7009D0E8F /* APStringValidatorTestCase.h */,
				5F30B9BC1DC997A7009D0E8F /* APStringValidatorTestCase.m */,
				5F30B9BD1DC997A7009D0E8F /* APValidatorsUITextFieldTests.m */,
				5F30B9BE1DC997A7009D0E8F /* APValidatorsUITextViewTests.m */,
				5F30B9BF1DC997A7009D0E8F /* APValidatorTests.m */,
				5F30B9C01DC997A7009D0E8F /* APZipValidatorTests.m */,
			);
			path = Tests;
			sourceTree = "<group>";
		};
		60FF7A9C1954A5C5007DD14C /* Podspec Metadata */ = {
			isa = PBXGroup;
			children = (
				E2D95DAB5301B4CE33ADD150 /* APValidators.podspec */,
				5C05B241AD5FFA1D4E1C669A /* README.md */,
				F3B787FDAE8E15D33C504DFE /* LICENSE */,
			);
			name = "Podspec Metadata";
			sourceTree = "<group>";
		};
		C41AFFECA94326C238D588A9 /* Pods */ = {
			isa = PBXGroup;
			children = (
				47046F02B3134C4D26790317 /* Pods-APValidators_Example.debug.xcconfig */,
				18B3412F60E74E5AC5C534B6 /* Pods-APValidators_Example.release.xcconfig */,
				CD3C43CD3E5123B271145A2B /* Pods-APValidators_Tests.debug.xcconfig */,
				D5FDD5030A003434B0C43AF8 /* Pods-APValidators_Tests.release.xcconfig */,
			);
			name = Pods;
			sourceTree = "<group>";
		};
/* End PBXGroup section */

/* Begin PBXNativeTarget section */
		6003F589195388D20070C39A /* APValidators_Example */ = {
			isa = PBXNativeTarget;
			buildConfigurationList = 6003F5BF195388D20070C39A /* Build configuration list for PBXNativeTarget "APValidators_Example" */;
			buildPhases = (
				8687A34A480302229C9167EB /* [CP] Check Pods Manifest.lock */,
				6003F586195388D20070C39A /* Sources */,
				6003F587195388D20070C39A /* Frameworks */,
				6003F588195388D20070C39A /* Resources */,
				AC9753D66A66BFB84768534D /* [CP] Embed Pods Frameworks */,
				7F6F5562EB6020793DFC7690 /* [CP] Copy Pods Resources */,
			);
			buildRules = (
			);
			dependencies = (
			);
			name = APValidators_Example;
			productName = APValidators;
			productReference = 6003F58A195388D20070C39A /* APValidators_Example.app */;
			productType = "com.apple.product-type.application";
		};
		6003F5AD195388D20070C39A /* APValidators_Tests */ = {
			isa = PBXNativeTarget;
			buildConfigurationList = 6003F5C2195388D20070C39A /* Build configuration list for PBXNativeTarget "APValidators_Tests" */;
			buildPhases = (
				BDD580B22CA93C2598BF5238 /* [CP] Check Pods Manifest.lock */,
				6003F5AA195388D20070C39A /* Sources */,
				6003F5AB195388D20070C39A /* Frameworks */,
				6003F5AC195388D20070C39A /* Resources */,
				03CB405B2858174FA8D85EEE /* [CP] Embed Pods Frameworks */,
				E61FA0302D42E9A3B36F6A9F /* [CP] Copy Pods Resources */,
			);
			buildRules = (
			);
			dependencies = (
				6003F5B4195388D20070C39A /* PBXTargetDependency */,
			);
			name = APValidators_Tests;
			productName = APValidatorsTests;
			productReference = 6003F5AE195388D20070C39A /* APValidators_Tests.xctest */;
			productType = "com.apple.product-type.bundle.unit-test";
		};
/* End PBXNativeTarget section */

/* Begin PBXProject section */
		6003F582195388D10070C39A /* Project object */ = {
			isa = PBXProject;
			attributes = {
				CLASSPREFIX = AP;
				LastUpgradeCheck = 0720;
				ORGANIZATIONNAME = "Christopher de Haan";
				TargetAttributes = {
					6003F5AD195388D20070C39A = {
						TestTargetID = 6003F589195388D20070C39A;
					};
				};
			};
			buildConfigurationList = 6003F585195388D10070C39A /* Build configuration list for PBXProject "APValidators" */;
			compatibilityVersion = "Xcode 3.2";
			developmentRegion = English;
			hasScannedForEncodings = 0;
			knownRegions = (
				en,
				Base,
			);
			mainGroup = 6003F581195388D10070C39A;
			productRefGroup = 6003F58B195388D20070C39A /* Products */;
			projectDirPath = "";
			projectRoot = "";
			targets = (
				6003F589195388D20070C39A /* APValidators_Example */,
				6003F5AD195388D20070C39A /* APValidators_Tests */,
			);
		};
/* End PBXProject section */

/* Begin PBXResourcesBuildPhase section */
		6003F588195388D20070C39A /* Resources */ = {
			isa = PBXResourcesBuildPhase;
			buildActionMask = 2147483647;
			files = (
				5F30B9D11DC997A7009D0E8F /* Tests-Info.plist in Resources */,
				5F30B9FE1DC997F5009D0E8F /* InfoPlist.strings in Resources */,
				5F30B9F41DC997E3009D0E8F /* Images.xcassets in Resources */,
				5F30B9D41DC997AD009D0E8F /* InfoPlist.strings in Resources */,
				5F30B9F71DC997E3009D0E8F /* Main.storyboard in Resources */,
				5F30B9F51DC997E3009D0E8F /* Launch Screen.storyboard in Resources */,
				5F30B9F11DC997E3009D0E8F /* APValidators-Info.plist in Resources */,
			);
			runOnlyForDeploymentPostprocessing = 0;
		};
		6003F5AC195388D20070C39A /* Resources */ = {
			isa = PBXResourcesBuildPhase;
			buildActionMask = 2147483647;
			files = (
			);
			runOnlyForDeploymentPostprocessing = 0;
		};
/* End PBXResourcesBuildPhase section */

/* Begin PBXShellScriptBuildPhase section */
		03CB405B2858174FA8D85EEE /* [CP] Embed Pods Frameworks */ = {
			isa = PBXShellScriptBuildPhase;
			buildActionMask = 2147483647;
			files = (
			);
			inputPaths = (
			);
			name = "[CP] Embed Pods Frameworks";
			outputPaths = (
			);
			runOnlyForDeploymentPostprocessing = 0;
			shellPath = /bin/sh;
			shellScript = "\"${SRCROOT}/Pods/Target Support Files/Pods-APValidators_Tests/Pods-APValidators_Tests-frameworks.sh\"\n";
			showEnvVarsInLog = 0;
		};
		7F6F5562EB6020793DFC7690 /* [CP] Copy Pods Resources */ = {
			isa = PBXShellScriptBuildPhase;
			buildActionMask = 2147483647;
			files = (
			);
			inputPaths = (
			);
			name = "[CP] Copy Pods Resources";
			outputPaths = (
			);
			runOnlyForDeploymentPostprocessing = 0;
			shellPath = /bin/sh;
			shellScript = "\"${SRCROOT}/Pods/Target Support Files/Pods-APValidators_Example/Pods-APValidators_Example-resources.sh\"\n";
			showEnvVarsInLog = 0;
		};
		8687A34A480302229C9167EB /* [CP] Check Pods Manifest.lock */ = {
			isa = PBXShellScriptBuildPhase;
			buildActionMask = 2147483647;
			files = (
			);
			inputPaths = (
			);
			name = "[CP] Check Pods Manifest.lock";
			outputPaths = (
			);
			runOnlyForDeploymentPostprocessing = 0;
			shellPath = /bin/sh;
			shellScript = "diff \"${PODS_ROOT}/../Podfile.lock\" \"${PODS_ROOT}/Manifest.lock\" > /dev/null\nif [ $? != 0 ] ; then\n    # print error to STDERR\n    echo \"error: The sandbox is not in sync with the Podfile.lock. Run 'pod install' or update your CocoaPods installation.\" >&2\n    exit 1\nfi\n";
			showEnvVarsInLog = 0;
		};
		AC9753D66A66BFB84768534D /* [CP] Embed Pods Frameworks */ = {
			isa = PBXShellScriptBuildPhase;
			buildActionMask = 2147483647;
			files = (
			);
			inputPaths = (
			);
			name = "[CP] Embed Pods Frameworks";
			outputPaths = (
			);
			runOnlyForDeploymentPostprocessing = 0;
			shellPath = /bin/sh;
			shellScript = "\"${SRCROOT}/Pods/Target Support Files/Pods-APValidators_Example/Pods-APValidators_Example-frameworks.sh\"\n";
			showEnvVarsInLog = 0;
		};
		BDD580B22CA93C2598BF5238 /* [CP] Check Pods Manifest.lock */ = {
			isa = PBXShellScriptBuildPhase;
			buildActionMask = 2147483647;
			files = (
			);
			inputPaths = (
			);
			name = "[CP] Check Pods Manifest.lock";
			outputPaths = (
			);
			runOnlyForDeploymentPostprocessing = 0;
			shellPath = /bin/sh;
			shellScript = "diff \"${PODS_ROOT}/../Podfile.lock\" \"${PODS_ROOT}/Manifest.lock\" > /dev/null\nif [ $? != 0 ] ; then\n    # print error to STDERR\n    echo \"error: The sandbox is not in sync with the Podfile.lock. Run 'pod install' or update your CocoaPods installation.\" >&2\n    exit 1\nfi\n";
			showEnvVarsInLog = 0;
		};
		E61FA0302D42E9A3B36F6A9F /* [CP] Copy Pods Resources */ = {
			isa = PBXShellScriptBuildPhase;
			buildActionMask = 2147483647;
			files = (
			);
			inputPaths = (
			);
			name = "[CP] Copy Pods Resources";
			outputPaths = (
			);
			runOnlyForDeploymentPostprocessing = 0;
			shellPath = /bin/sh;
			shellScript = "\"${SRCROOT}/Pods/Target Support Files/Pods-APValidators_Tests/Pods-APValidators_Tests-resources.sh\"\n";
			showEnvVarsInLog = 0;
		};
/* End PBXShellScriptBuildPhase section */

/* Begin PBXSourcesBuildPhase section */
		6003F586195388D20070C39A /* Sources */ = {
			isa = PBXSourcesBuildPhase;
			buildActionMask = 2147483647;
			files = (
				5F30B9F91DC997E3009D0E8F /* APCVVTextField.m in Sources */,
				5F30B9F31DC997E3009D0E8F /* APKeyboardController.m in Sources */,
				5F30B9F21DC997E3009D0E8F /* APViewController+Alerts.m in Sources */,
				5F30B9FA1DC997E3009D0E8F /* APIndicatorView.m in Sources */,
				5F30B9F01DC997E3009D0E8F /* APAppDelegate.m in Sources */,
				5F30B9F81DC997E3009D0E8F /* APCardExpiresTextField.m in Sources */,
				5F30B9FB1DC997E3009D0E8F /* APViewController.m in Sources */,
				5F30B9F61DC997E3009D0E8F /* main.m in Sources */,
			);
			runOnlyForDeploymentPostprocessing = 0;
		};
		6003F5AA195388D20070C39A /* Sources */ = {
			isa = PBXSourcesBuildPhase;
			buildActionMask = 2147483647;
			files = (
				5F00D8FE1DD43D2500096651 /* APCompoundValidatorTests.m in Sources */,
				5F00D9041DD43D2500096651 /* APRequiredValidatorTests.m in Sources */,
				5F00D9051DD43D2D00096651 /* APStringValidatorTestCase.m in Sources */,
				5F00D9081DD43D2D00096651 /* APValidatorTests.m in Sources */,
				5F00D8FC1DD43D2500096651 /* APBlockValidatorTests.m in Sources */,
				5F00D9061DD43D2D00096651 /* APValidatorsUITextFieldTests.m in Sources */,
				5F00D9021DD43D2500096651 /* APEqualValidatorTests.m in Sources */,
				5F00D8FF1DD43D2500096651 /* APCountryRegexProviderTests.m in Sources */,
				5F00D9071DD43D2D00096651 /* APValidatorsUITextViewTests.m in Sources */,
				5F00D8FD1DD43D2500096651 /* APCharactersCountValidatorTests.m in Sources */,
				5F00D9011DD43D2500096651 /* APEmailValidatorTests.m in Sources */,
				5F00D9001DD43D2500096651 /* APCreditCardValidatorTests.m in Sources */,
				5F00D9031DD43D2500096651 /* APRegexValidatorTests.m in Sources */,
				5F00D9091DD43D2D00096651 /* APZipValidatorTests.m in Sources */,
			);
			runOnlyForDeploymentPostprocessing = 0;
		};
/* End PBXSourcesBuildPhase section */

/* Begin PBXTargetDependency section */
		6003F5B4195388D20070C39A /* PBXTargetDependency */ = {
			isa = PBXTargetDependency;
			target = 6003F589195388D20070C39A /* APValidators_Example */;
			targetProxy = 6003F5B3195388D20070C39A /* PBXContainerItemProxy */;
		};
/* End PBXTargetDependency section */

/* Begin PBXVariantGroup section */
		5F30B9D21DC997AD009D0E8F /* InfoPlist.strings */ = {
			isa = PBXVariantGroup;
			children = (
				5F30B9D31DC997AD009D0E8F /* en */,
			);
			name = InfoPlist.strings;
			sourceTree = "<group>";
		};
		5F30B9FC1DC997F5009D0E8F /* InfoPlist.strings */ = {
			isa = PBXVariantGroup;
			children = (
				5F30B9FD1DC997F5009D0E8F /* en */,
			);
			name = InfoPlist.strings;
			sourceTree = "<group>";
		};
/* End PBXVariantGroup section */

/* Begin XCBuildConfiguration section */
		6003F5BD195388D20070C39A /* Debug */ = {
			isa = XCBuildConfiguration;
			buildSettings = {
				ALWAYS_SEARCH_USER_PATHS = NO;
				CLANG_CXX_LANGUAGE_STANDARD = "gnu++0x";
				CLANG_CXX_LIBRARY = "libc++";
				CLANG_ENABLE_MODULES = YES;
				CLANG_ENABLE_OBJC_ARC = YES;
				CLANG_WARN_BOOL_CONVERSION = YES;
				CLANG_WARN_CONSTANT_CONVERSION = YES;
				CLANG_WARN_DIRECT_OBJC_ISA_USAGE = YES_ERROR;
				CLANG_WARN_EMPTY_BODY = YES;
				CLANG_WARN_ENUM_CONVERSION = YES;
				CLANG_WARN_INT_CONVERSION = YES;
				CLANG_WARN_OBJC_ROOT_CLASS = YES_ERROR;
				CLANG_WARN__DUPLICATE_METHOD_MATCH = YES;
				"CODE_SIGN_IDENTITY[sdk=iphoneos*]" = "iPhone Developer";
				COPY_PHASE_STRIP = NO;
				ENABLE_TESTABILITY = YES;
				GCC_C_LANGUAGE_STANDARD = gnu99;
				GCC_DYNAMIC_NO_PIC = NO;
				GCC_OPTIMIZATION_LEVEL = 0;
				GCC_PREPROCESSOR_DEFINITIONS = (
					"DEBUG=1",
					"$(inherited)",
				);
				GCC_SYMBOLS_PRIVATE_EXTERN = NO;
				GCC_WARN_64_TO_32_BIT_CONVERSION = YES;
				GCC_WARN_ABOUT_RETURN_TYPE = YES_ERROR;
				GCC_WARN_UNDECLARED_SELECTOR = YES;
				GCC_WARN_UNINITIALIZED_AUTOS = YES_AGGRESSIVE;
				GCC_WARN_UNUSED_FUNCTION = YES;
				GCC_WARN_UNUSED_VARIABLE = YES;
				IPHONEOS_DEPLOYMENT_TARGET = 8.3;
				ONLY_ACTIVE_ARCH = YES;
				SDKROOT = iphoneos;
				TARGETED_DEVICE_FAMILY = "1,2";
			};
			name = Debug;
		};
		6003F5BE195388D20070C39A /* Release */ = {
			isa = XCBuildConfiguration;
			buildSettings = {
				ALWAYS_SEARCH_USER_PATHS = NO;
				CLANG_CXX_LANGUAGE_STANDARD = "gnu++0x";
				CLANG_CXX_LIBRARY = "libc++";
				CLANG_ENABLE_MODULES = YES;
				CLANG_ENABLE_OBJC_ARC = YES;
				CLANG_WARN_BOOL_CONVERSION = YES;
				CLANG_WARN_CONSTANT_CONVERSION = YES;
				CLANG_WARN_DIRECT_OBJC_ISA_USAGE = YES_ERROR;
				CLANG_WARN_EMPTY_BODY = YES;
				CLANG_WARN_ENUM_CONVERSION = YES;
				CLANG_WARN_INT_CONVERSION = YES;
				CLANG_WARN_OBJC_ROOT_CLASS = YES_ERROR;
				CLANG_WARN__DUPLICATE_METHOD_MATCH = YES;
				"CODE_SIGN_IDENTITY[sdk=iphoneos*]" = "iPhone Developer";
				COPY_PHASE_STRIP = YES;
				ENABLE_NS_ASSERTIONS = NO;
				GCC_C_LANGUAGE_STANDARD = gnu99;
				GCC_WARN_64_TO_32_BIT_CONVERSION = YES;
				GCC_WARN_ABOUT_RETURN_TYPE = YES_ERROR;
				GCC_WARN_UNDECLARED_SELECTOR = YES;
				GCC_WARN_UNINITIALIZED_AUTOS = YES_AGGRESSIVE;
				GCC_WARN_UNUSED_FUNCTION = YES;
				GCC_WARN_UNUSED_VARIABLE = YES;
				IPHONEOS_DEPLOYMENT_TARGET = 8.3;
				SDKROOT = iphoneos;
				TARGETED_DEVICE_FAMILY = "1,2";
				VALIDATE_PRODUCT = YES;
			};
			name = Release;
		};
		6003F5C0195388D20070C39A /* Debug */ = {
			isa = XCBuildConfiguration;
			baseConfigurationReference = 47046F02B3134C4D26790317 /* Pods-APValidators_Example.debug.xcconfig */;
			buildSettings = {
				ASSETCATALOG_COMPILER_APPICON_NAME = AppIcon;
				ASSETCATALOG_COMPILER_LAUNCHIMAGE_NAME = LaunchImage;
				GCC_PRECOMPILE_PREFIX_HEADER = YES;
				GCC_PREFIX_HEADER = "APValidators/APValidators-Prefix.pch";
				INFOPLIST_FILE = "APValidators/APValidators-Info.plist";
				MODULE_NAME = ExampleApp;
				PRODUCT_BUNDLE_IDENTIFIER = "org.cocoapods.demo.${PRODUCT_NAME:rfc1034identifier}";
				PRODUCT_NAME = "$(TARGET_NAME)";
				WRAPPER_EXTENSION = app;
			};
			name = Debug;
		};
		6003F5C1195388D20070C39A /* Release */ = {
			isa = XCBuildConfiguration;
			baseConfigurationReference = 18B3412F60E74E5AC5C534B6 /* Pods-APValidators_Example.release.xcconfig */;
			buildSettings = {
				ASSETCATALOG_COMPILER_APPICON_NAME = AppIcon;
				ASSETCATALOG_COMPILER_LAUNCHIMAGE_NAME = LaunchImage;
				GCC_PRECOMPILE_PREFIX_HEADER = YES;
				GCC_PREFIX_HEADER = "APValidators/APValidators-Prefix.pch";
				INFOPLIST_FILE = "APValidators/APValidators-Info.plist";
				MODULE_NAME = ExampleApp;
				PRODUCT_BUNDLE_IDENTIFIER = "org.cocoapods.demo.${PRODUCT_NAME:rfc1034identifier}";
				PRODUCT_NAME = "$(TARGET_NAME)";
				WRAPPER_EXTENSION = app;
			};
			name = Release;
		};
		6003F5C3195388D20070C39A /* Debug */ = {
			isa = XCBuildConfiguration;
			baseConfigurationReference = CD3C43CD3E5123B271145A2B /* Pods-APValidators_Tests.debug.xcconfig */;
			buildSettings = {
				BUNDLE_LOADER = "$(TEST_HOST)";
				FRAMEWORK_SEARCH_PATHS = (
					"$(SDKROOT)/Developer/Library/Frameworks",
					"$(inherited)",
					"$(DEVELOPER_FRAMEWORKS_DIR)",
				);
				GCC_PRECOMPILE_PREFIX_HEADER = YES;
				GCC_PREFIX_HEADER = "Tests/Tests-Prefix.pch";
				GCC_PREPROCESSOR_DEFINITIONS = (
					"DEBUG=1",
					"$(inherited)",
				);
				INFOPLIST_FILE = "Tests/Tests-Info.plist";
				PRODUCT_BUNDLE_IDENTIFIER = "org.cocoapods.demo.${PRODUCT_NAME:rfc1034identifier}";
				PRODUCT_NAME = "$(TARGET_NAME)";
				TEST_HOST = "$(BUILT_PRODUCTS_DIR)/APValidators_Example.app/APValidators_Example";
				WRAPPER_EXTENSION = xctest;
			};
			name = Debug;
		};
		6003F5C4195388D20070C39A /* Release */ = {
			isa = XCBuildConfiguration;
			baseConfigurationReference = D5FDD5030A003434B0C43AF8 /* Pods-APValidators_Tests.release.xcconfig */;
			buildSettings = {
				BUNDLE_LOADER = "$(TEST_HOST)";
				FRAMEWORK_SEARCH_PATHS = (
					"$(SDKROOT)/Developer/Library/Frameworks",
					"$(inherited)",
					"$(DEVELOPER_FRAMEWORKS_DIR)",
				);
				GCC_PRECOMPILE_PREFIX_HEADER = YES;
				GCC_PREFIX_HEADER = "Tests/Tests-Prefix.pch";
				INFOPLIST_FILE = "Tests/Tests-Info.plist";
				PRODUCT_BUNDLE_IDENTIFIER = "org.cocoapods.demo.${PRODUCT_NAME:rfc1034identifier}";
				PRODUCT_NAME = "$(TARGET_NAME)";
				TEST_HOST = "$(BUILT_PRODUCTS_DIR)/APValidators_Example.app/APValidators_Example";
				WRAPPER_EXTENSION = xctest;
			};
			name = Release;
		};
/* End XCBuildConfiguration section */

/* Begin XCConfigurationList section */
		6003F585195388D10070C39A /* Build configuration list for PBXProject "APValidators" */ = {
			isa = XCConfigurationList;
			buildConfigurations = (
				6003F5BD195388D20070C39A /* Debug */,
				6003F5BE195388D20070C39A /* Release */,
			);
			defaultConfigurationIsVisible = 0;
			defaultConfigurationName = Release;
		};
		6003F5BF195388D20070C39A /* Build configuration list for PBXNativeTarget "APValidators_Example" */ = {
			isa = XCConfigurationList;
			buildConfigurations = (
				6003F5C0195388D20070C39A /* Debug */,
				6003F5C1195388D20070C39A /* Release */,
			);
			defaultConfigurationIsVisible = 0;
			defaultConfigurationName = Release;
		};
		6003F5C2195388D20070C39A /* Build configuration list for PBXNativeTarget "APValidators_Tests" */ = {
			isa = XCConfigurationList;
			buildConfigurations = (
				6003F5C3195388D20070C39A /* Debug */,
				6003F5C4195388D20070C39A /* Release */,
			);
			defaultConfigurationIsVisible = 0;
			defaultConfigurationName = Release;
		};
/* End XCConfigurationList section */
	};
	rootObject = 6003F582195388D10070C39A /* Project object */;
}
